
Microsoft Visual Studio Solution File, Format Version 12.00
# Visual Studio Version 16
VisualStudioVersion = 16.0.30011.22
MinimumVisualStudioVersion = 10.0.40219.1
Project("{FAE04EC0-301F-11D3-BF4B-00C04F79EFBC}") = "Data", "Data\Data.csproj", "{B97CE2D4-0CD5-4ADB-8053-BC000FA544E4}"
EndProject
Project("{FAE04EC0-301F-11D3-BF4B-00C04F79EFBC}") = "Business", "Business\Business.csproj", "{ACA41B8D-5AF8-47D1-B6D4-D357EB2107C4}"
EndProject
Project("{FAE04EC0-301F-11D3-BF4B-00C04F79EFBC}") = "View", "View\View.csproj", "{1789F1C3-9FF2-403D-8BDA-FF9942CC10A8}"
EndProject
Global
	GlobalSection(SolutionConfigurationPlatforms) = preSolution
		Debug|Any CPU = Debug|Any CPU
		Release|Any CPU = Release|Any CPU
	EndGlobalSection
	GlobalSection(ProjectConfigurationPlatforms) = postSolution
		{B97CE2D4-0CD5-4ADB-8053-BC000FA544E4}.Debug|Any CPU.ActiveCfg = Debug|Any CPU
		{B97CE2D4-0CD5-4ADB-8053-BC000FA544E4}.Debug|Any CPU.Build.0 = Debug|Any CPU
		{B97CE2D4-0CD5-4ADB-8053-BC000FA544E4}.Release|Any CPU.ActiveCfg = Release|Any CPU
		{B97CE2D4-0CD5-4ADB-8053-BC000FA544E4}.Release|Any CPU.Build.0 = Release|Any CPU
		{ACA41B8D-5AF8-47D1-B6D4-D357EB2107C4}.Debug|Any CPU.ActiveCfg = Debug|Any CPU
		{ACA41B8D-5AF8-47D1-B6D4-D357EB2107C4}.Debug|Any CPU.Build.0 = Debug|Any CPU
		{ACA41B8D-5AF8-47D1-B6D4-D357EB2107C4}.Release|Any CPU.ActiveCfg = Release|Any CPU
		{ACA41B8D-5AF8-47D1-B6D4-D357EB2107C4}.Release|Any CPU.Build.0 = Release|Any CPU
		{1789F1C3-9FF2-403D-8BDA-FF9942CC10A8}.Debug|Any CPU.ActiveCfg = Debug|Any CPU
		{1789F1C3-9FF2-403D-8BDA-FF9942CC10A8}.Debug|Any CPU.Build.0 = Debug|Any CPU
		{1789F1C3-9FF2-403D-8BDA-FF9942CC10A8}.Release|Any CPU.ActiveCfg = Release|Any CPU
		{1789F1C3-9FF2-403D-8BDA-FF9942CC10A8}.Release|Any CPU.Build.0 = Release|Any CPU
	EndGlobalSection
	GlobalSection(SolutionProperties) = preSolution
		HideSolutionNode = FALSE
	EndGlobalSection
	GlobalSection(ExtensibilityGlobals) = postSolution
		SolutionGuid = {AD3932EF-9BD6-4571-8871-815C4A2219C4}
	EndGlobalSection
EndGlobal
